
Microsoft Visual Studio Solution File, Format Version 12.00
# Visual Studio Version 16
VisualStudioVersion = 16.0.29709.97
MinimumVisualStudioVersion = 10.0.40219.1
Project("{FAE04EC0-301F-11D3-BF4B-00C04F79EFBC}") = "1", "1.csproj", "{C5D32C4F-4266-467F-A3AB-942473E71043}"
EndProject
Global
	GlobalSection(SolutionConfigurationPlatforms) = preSolution
		Debug|Any CPU = Debug|Any CPU
		Release|Any CPU = Release|Any CPU
	EndGlobalSection
	GlobalSection(ProjectConfigurationPlatforms) = postSolution
		{C5D32C4F-4266-467F-A3AB-942473E71043}.Debug|Any CPU.ActiveCfg = Debug|Any CPU
		{C5D32C4F-4266-467F-A3AB-942473E71043}.Debug|Any CPU.Build.0 = Debug|Any CPU
		{C5D32C4F-4266-467F-A3AB-942473E71043}.Release|Any CPU.ActiveCfg = Release|Any CPU
		{C5D32C4F-4266-467F-A3AB-942473E71043}.Release|Any CPU.Build.0 = Release|Any CPU
	EndGlobalSection
	GlobalSection(SolutionProperties) = preSolution
		HideSolutionNode = FALSE
	EndGlobalSection
	GlobalSection(ExtensibilityGlobals) = postSolution
		SolutionGuid = {A89AC554-DADC-4ACF-A980-D3A4A1C7A429}
	EndGlobalSection
EndGlobal
